// !$*UTF8*$!
{
	archiveVersion = 1;
	classes = {
	};
	objectVersion = 46;
	objects = {

/* Begin PBXBuildFile section */
		BE054FF21E41D52A00DB4B65 /* Account.swift in Sources */ = {isa = PBXBuildFile; fileRef = BE054FF11E41D52A00DB4B65 /* Account.swift */; };
		BE054FF41E41D6B700DB4B65 /* Device.swift in Sources */ = {isa = PBXBuildFile; fileRef = BE054FF31E41D6B700DB4B65 /* Device.swift */; };
		BE059F501E2375E900789981 /* Alamofire.framework in Frameworks */ = {isa = PBXBuildFile; fileRef = BE059F4F1E2375E900789981 /* Alamofire.framework */; };
		BE059F511E2375E900789981 /* Alamofire.framework in Frameworks */ = {isa = PBXBuildFile; fileRef = BE059F4F1E2375E900789981 /* Alamofire.framework */; };
		BE059F531E2375F100789981 /* RxSwift.framework in Frameworks */ = {isa = PBXBuildFile; fileRef = BE059F521E2375F100789981 /* RxSwift.framework */; };
		BE059F541E2375F100789981 /* RxSwift.framework in Frameworks */ = {isa = PBXBuildFile; fileRef = BE059F521E2375F100789981 /* RxSwift.framework */; };
		BE059F561E2375F800789981 /* SwiftyRSA.framework in Frameworks */ = {isa = PBXBuildFile; fileRef = BE059F551E2375F800789981 /* SwiftyRSA.framework */; };
		BE059F571E2375F800789981 /* SwiftyRSA.framework in Frameworks */ = {isa = PBXBuildFile; fileRef = BE059F551E2375F800789981 /* SwiftyRSA.framework */; };
		BE17C86B1E487E8400F83D55 /* RSAUtils.swift in Sources */ = {isa = PBXBuildFile; fileRef = BE054FF51E431AAF00DB4B65 /* RSAUtils.swift */; };
		BE17C86C1E48808500F83D55 /* CryptoExportImportManager.swift in Sources */ = {isa = PBXBuildFile; fileRef = BE17C8681E4847D800F83D55 /* CryptoExportImportManager.swift */; };
		BE1F43A51E39F571001259B1 /* Parser.swift in Sources */ = {isa = PBXBuildFile; fileRef = BE1F43A41E39F571001259B1 /* Parser.swift */; };
		BE2F10621E4B008E00398D72 /* Coordinator.swift in Sources */ = {isa = PBXBuildFile; fileRef = BE2F10611E4B008E00398D72 /* Coordinator.swift */; };
		BE2F10641E4B00B000398D72 /* AppCoordinator.swift in Sources */ = {isa = PBXBuildFile; fileRef = BE2F10631E4B00B000398D72 /* AppCoordinator.swift */; };
		BE2F10661E4B00D000398D72 /* Services.swift in Sources */ = {isa = PBXBuildFile; fileRef = BE2F10651E4B00D000398D72 /* Services.swift */; };
		BE2F10681E4B00FF00398D72 /* RootViewCoordinator.swift in Sources */ = {isa = PBXBuildFile; fileRef = BE2F10671E4B00FF00398D72 /* RootViewCoordinator.swift */; };
		BE2F106A1E4B0B0F00398D72 /* RSAUtilsTests.swift in Sources */ = {isa = PBXBuildFile; fileRef = BE2F10691E4B0B0F00398D72 /* RSAUtilsTests.swift */; };
		BE2F106D1E4B207F00398D72 /* KeychainWrapper.swift in Sources */ = {isa = PBXBuildFile; fileRef = BE2F106C1E4B207F00398D72 /* KeychainWrapper.swift */; };
		BE2F106F1E4B20D200398D72 /* KeychainOptions.swift in Sources */ = {isa = PBXBuildFile; fileRef = BE2F106E1E4B20D200398D72 /* KeychainOptions.swift */; };
		BE884C081E22275B009D253F /* AppDelegate.swift in Sources */ = {isa = PBXBuildFile; fileRef = BE884C071E22275B009D253F /* AppDelegate.swift */; };
		BE884C0A1E22275B009D253F /* ViewController.swift in Sources */ = {isa = PBXBuildFile; fileRef = BE884C091E22275B009D253F /* ViewController.swift */; };
		BE884C0D1E22275B009D253F /* Main.storyboard in Resources */ = {isa = PBXBuildFile; fileRef = BE884C0B1E22275B009D253F /* Main.storyboard */; };
		BE884C0F1E22275B009D253F /* Assets.xcassets in Resources */ = {isa = PBXBuildFile; fileRef = BE884C0E1E22275B009D253F /* Assets.xcassets */; };
		BE884C121E22275B009D253F /* LaunchScreen.storyboard in Resources */ = {isa = PBXBuildFile; fileRef = BE884C101E22275B009D253F /* LaunchScreen.storyboard */; };
		BE884C221E222788009D253F /* ANZKit.h in Headers */ = {isa = PBXBuildFile; fileRef = BE884C201E222788009D253F /* ANZKit.h */; settings = {ATTRIBUTES = (Public, ); }; };
		BE884C251E222788009D253F /* ANZKit.framework in Frameworks */ = {isa = PBXBuildFile; fileRef = BE884C1E1E222788009D253F /* ANZKit.framework */; };
		BE884C261E222788009D253F /* ANZKit.framework in Embed Frameworks */ = {isa = PBXBuildFile; fileRef = BE884C1E1E222788009D253F /* ANZKit.framework */; settings = {ATTRIBUTES = (CodeSignOnCopy, RemoveHeadersOnCopy, ); }; };
		BE9594911E3A7C52002596A8 /* ResponseParser.swift in Sources */ = {isa = PBXBuildFile; fileRef = BE9594901E3A7C52002596A8 /* ResponseParser.swift */; };
		BECA0B9E1E3D401900946B50 /* ANZKitTests.swift in Sources */ = {isa = PBXBuildFile; fileRef = BECA0B9D1E3D401900946B50 /* ANZKitTests.swift */; };
		BECA0BA01E3D401900946B50 /* ANZKit.framework in Frameworks */ = {isa = PBXBuildFile; fileRef = BE884C1E1E222788009D253F /* ANZKit.framework */; };
		BECA0BA71E3D408A00946B50 /* SwiftyRSA.framework in Frameworks */ = {isa = PBXBuildFile; fileRef = BE059F551E2375F800789981 /* SwiftyRSA.framework */; };
		BECA0BA81E3D408A00946B50 /* RxSwift.framework in Frameworks */ = {isa = PBXBuildFile; fileRef = BE059F521E2375F100789981 /* RxSwift.framework */; };
		BECA0BA91E3D408A00946B50 /* Alamofire.framework in Frameworks */ = {isa = PBXBuildFile; fileRef = BE059F4F1E2375E900789981 /* Alamofire.framework */; };
		BECA0BAC1E3D41C200946B50 /* current.json in Resources */ = {isa = PBXBuildFile; fileRef = BECA0BAB1E3D41C200946B50 /* current.json */; };
		BECA0BB41E3D422000946B50 /* ResponseParserTests.swift in Sources */ = {isa = PBXBuildFile; fileRef = BECA0BB31E3D422000946B50 /* ResponseParserTests.swift */; };
		BECA0BB61E3D681500946B50 /* authenticate.json in Resources */ = {isa = PBXBuildFile; fileRef = BECA0BB51E3D681500946B50 /* authenticate.json */; };
		BECA0BB81E3DCDAD00946B50 /* Secrets.swift in Sources */ = {isa = PBXBuildFile; fileRef = BECA0BB71E3DCDAD00946B50 /* Secrets.swift */; };
		BECA0BBA1E3DCF7F00946B50 /* Session.swift in Sources */ = {isa = PBXBuildFile; fileRef = BECA0BB91E3DCF7F00946B50 /* Session.swift */; };
		BECA0BBE1E3DE40600946B50 /* RxCocoa.framework in Frameworks */ = {isa = PBXBuildFile; fileRef = BECA0BBD1E3DE40600946B50 /* RxCocoa.framework */; };
		BECA0BC01E3DE87200946B50 /* ANZError.swift in Sources */ = {isa = PBXBuildFile; fileRef = BECA0BBF1E3DE87200946B50 /* ANZError.swift */; };
		BECA0BC21E3DEEE700946B50 /* ServiceType.swift in Sources */ = {isa = PBXBuildFile; fileRef = BECA0BC11E3DEEE700946B50 /* ServiceType.swift */; };
		BECA0BC41E3DEF0700946B50 /* ServerConfig.swift in Sources */ = {isa = PBXBuildFile; fileRef = BECA0BC31E3DEF0700946B50 /* ServerConfig.swift */; };
		BECA0BC61E3DEF4800946B50 /* RouteType.swift in Sources */ = {isa = PBXBuildFile; fileRef = BECA0BC51E3DEF4800946B50 /* RouteType.swift */; };
		BECA0BC81E3DEF5F00946B50 /* PreAuthRoute.swift in Sources */ = {isa = PBXBuildFile; fileRef = BECA0BC71E3DEF5F00946B50 /* PreAuthRoute.swift */; };
		BEEC0FA61E2386E500314EC6 /* ANZAPI.swift in Sources */ = {isa = PBXBuildFile; fileRef = BEEC0FA51E2386E500314EC6 /* ANZAPI.swift */; };
		BEEC0FA81E2388DE00314EC6 /* PublicKey.swift in Sources */ = {isa = PBXBuildFile; fileRef = BEEC0FA71E2388DE00314EC6 /* PublicKey.swift */; };
		BEF8CC221E49BDBE0031EF9A /* Interface.storyboard in Resources */ = {isa = PBXBuildFile; fileRef = BEF8CC201E49BDBE0031EF9A /* Interface.storyboard */; };
		BEF8CC241E49BDBE0031EF9A /* Assets.xcassets in Resources */ = {isa = PBXBuildFile; fileRef = BEF8CC231E49BDBE0031EF9A /* Assets.xcassets */; };
		BEF8CC2B1E49BDBF0031EF9A /* ANZWatch Extension.appex in Embed App Extensions */ = {isa = PBXBuildFile; fileRef = BEF8CC2A1E49BDBF0031EF9A /* ANZWatch Extension.appex */; settings = {ATTRIBUTES = (RemoveHeadersOnCopy, ); }; };
		BEF8CC301E49BDBF0031EF9A /* InterfaceController.swift in Sources */ = {isa = PBXBuildFile; fileRef = BEF8CC2F1E49BDBF0031EF9A /* InterfaceController.swift */; };
		BEF8CC321E49BDBF0031EF9A /* ExtensionDelegate.swift in Sources */ = {isa = PBXBuildFile; fileRef = BEF8CC311E49BDBF0031EF9A /* ExtensionDelegate.swift */; };
		BEF8CC341E49BDBF0031EF9A /* ComplicationController.swift in Sources */ = {isa = PBXBuildFile; fileRef = BEF8CC331E49BDBF0031EF9A /* ComplicationController.swift */; };
		BEF8CC361E49BDBF0031EF9A /* Assets.xcassets in Resources */ = {isa = PBXBuildFile; fileRef = BEF8CC351E49BDBF0031EF9A /* Assets.xcassets */; };
		BEF8CC3A1E49BDBF0031EF9A /* ANZWatch.app in Embed Watch Content */ = {isa = PBXBuildFile; fileRef = BEF8CC1E1E49BDBE0031EF9A /* ANZWatch.app */; };
/* End PBXBuildFile section */

/* Begin PBXContainerItemProxy section */
		BE884C231E222788009D253F /* PBXContainerItemProxy */ = {
			isa = PBXContainerItemProxy;
			containerPortal = BE884BFC1E22275B009D253F /* Project object */;
			proxyType = 1;
			remoteGlobalIDString = BE884C1D1E222788009D253F;
			remoteInfo = ANZKit;
		};
		BECA0BA11E3D401900946B50 /* PBXContainerItemProxy */ = {
			isa = PBXContainerItemProxy;
			containerPortal = BE884BFC1E22275B009D253F /* Project object */;
			proxyType = 1;
			remoteGlobalIDString = BE884C1D1E222788009D253F;
			remoteInfo = ANZKit;
		};
		BEF8CC2C1E49BDBF0031EF9A /* PBXContainerItemProxy */ = {
			isa = PBXContainerItemProxy;
			containerPortal = BE884BFC1E22275B009D253F /* Project object */;
			proxyType = 1;
			remoteGlobalIDString = BEF8CC291E49BDBF0031EF9A;
			remoteInfo = "ANZWatch Extension";
		};
		BEF8CC381E49BDBF0031EF9A /* PBXContainerItemProxy */ = {
			isa = PBXContainerItemProxy;
			containerPortal = BE884BFC1E22275B009D253F /* Project object */;
			proxyType = 1;
			remoteGlobalIDString = BEF8CC1D1E49BDBE0031EF9A;
			remoteInfo = ANZWatch;
		};
/* End PBXContainerItemProxy section */

/* Begin PBXCopyFilesBuildPhase section */
		BE884C2A1E222788009D253F /* Embed Frameworks */ = {
			isa = PBXCopyFilesBuildPhase;
			buildActionMask = 2147483647;
			dstPath = "";
			dstSubfolderSpec = 10;
			files = (
				BE884C261E222788009D253F /* ANZKit.framework in Embed Frameworks */,
			);
			name = "Embed Frameworks";
			runOnlyForDeploymentPostprocessing = 0;
		};
		BEF8CBDF1E49B8D40031EF9A /* Embed Watch Content */ = {
			isa = PBXCopyFilesBuildPhase;
			buildActionMask = 2147483647;
			dstPath = "$(CONTENTS_FOLDER_PATH)/Watch";
			dstSubfolderSpec = 16;
			files = (
				BEF8CC3A1E49BDBF0031EF9A /* ANZWatch.app in Embed Watch Content */,
			);
			name = "Embed Watch Content";
			runOnlyForDeploymentPostprocessing = 0;
		};
		BEF8CC3E1E49BDBF0031EF9A /* Embed App Extensions */ = {
			isa = PBXCopyFilesBuildPhase;
			buildActionMask = 2147483647;
			dstPath = "";
			dstSubfolderSpec = 13;
			files = (
				BEF8CC2B1E49BDBF0031EF9A /* ANZWatch Extension.appex in Embed App Extensions */,
			);
			name = "Embed App Extensions";
			runOnlyForDeploymentPostprocessing = 0;
		};
/* End PBXCopyFilesBuildPhase section */

/* Begin PBXFileReference section */
		BE054FF11E41D52A00DB4B65 /* Account.swift */ = {isa = PBXFileReference; fileEncoding = 4; lastKnownFileType = sourcecode.swift; path = Account.swift; sourceTree = "<group>"; };
		BE054FF31E41D6B700DB4B65 /* Device.swift */ = {isa = PBXFileReference; fileEncoding = 4; lastKnownFileType = sourcecode.swift; path = Device.swift; sourceTree = "<group>"; };
		BE054FF51E431AAF00DB4B65 /* RSAUtils.swift */ = {isa = PBXFileReference; fileEncoding = 4; lastKnownFileType = sourcecode.swift; name = RSAUtils.swift; path = ../ANZ/RSAUtils.swift; sourceTree = "<group>"; };
		BE059F4F1E2375E900789981 /* Alamofire.framework */ = {isa = PBXFileReference; lastKnownFileType = wrapper.framework; name = Alamofire.framework; path = Carthage/Build/iOS/Alamofire.framework; sourceTree = "<group>"; };
		BE059F521E2375F100789981 /* RxSwift.framework */ = {isa = PBXFileReference; lastKnownFileType = wrapper.framework; name = RxSwift.framework; path = Carthage/Build/iOS/RxSwift.framework; sourceTree = "<group>"; };
		BE059F551E2375F800789981 /* SwiftyRSA.framework */ = {isa = PBXFileReference; lastKnownFileType = wrapper.framework; name = SwiftyRSA.framework; path = Carthage/Build/iOS/SwiftyRSA.framework; sourceTree = "<group>"; };
		BE17C8681E4847D800F83D55 /* CryptoExportImportManager.swift */ = {isa = PBXFileReference; fileEncoding = 4; lastKnownFileType = sourcecode.swift; name = CryptoExportImportManager.swift; path = ../ANZ/CryptoExportImportManager.swift; sourceTree = "<group>"; };
		BE17C86A1E4878BF00F83D55 /* ANZ.entitlements */ = {isa = PBXFileReference; lastKnownFileType = text.plist.entitlements; path = ANZ.entitlements; sourceTree = "<group>"; };
		BE1F43A41E39F571001259B1 /* Parser.swift */ = {isa = PBXFileReference; fileEncoding = 4; lastKnownFileType = sourcecode.swift; path = Parser.swift; sourceTree = "<group>"; };
		BE2F10611E4B008E00398D72 /* Coordinator.swift */ = {isa = PBXFileReference; fileEncoding = 4; lastKnownFileType = sourcecode.swift; path = Coordinator.swift; sourceTree = "<group>"; };
		BE2F10631E4B00B000398D72 /* AppCoordinator.swift */ = {isa = PBXFileReference; fileEncoding = 4; lastKnownFileType = sourcecode.swift; path = AppCoordinator.swift; sourceTree = "<group>"; };
		BE2F10651E4B00D000398D72 /* Services.swift */ = {isa = PBXFileReference; fileEncoding = 4; lastKnownFileType = sourcecode.swift; path = Services.swift; sourceTree = "<group>"; };
		BE2F10671E4B00FF00398D72 /* RootViewCoordinator.swift */ = {isa = PBXFileReference; fileEncoding = 4; lastKnownFileType = sourcecode.swift; path = RootViewCoordinator.swift; sourceTree = "<group>"; };
		BE2F10691E4B0B0F00398D72 /* RSAUtilsTests.swift */ = {isa = PBXFileReference; fileEncoding = 4; lastKnownFileType = sourcecode.swift; path = RSAUtilsTests.swift; sourceTree = "<group>"; };
		BE2F106C1E4B207F00398D72 /* KeychainWrapper.swift */ = {isa = PBXFileReference; fileEncoding = 4; lastKnownFileType = sourcecode.swift; path = KeychainWrapper.swift; sourceTree = "<group>"; };
		BE2F106E1E4B20D200398D72 /* KeychainOptions.swift */ = {isa = PBXFileReference; fileEncoding = 4; lastKnownFileType = sourcecode.swift; path = KeychainOptions.swift; sourceTree = "<group>"; };
		BE884C041E22275B009D253F /* ANZ.app */ = {isa = PBXFileReference; explicitFileType = wrapper.application; includeInIndex = 0; path = ANZ.app; sourceTree = BUILT_PRODUCTS_DIR; };
		BE884C071E22275B009D253F /* AppDelegate.swift */ = {isa = PBXFileReference; lastKnownFileType = sourcecode.swift; path = AppDelegate.swift; sourceTree = "<group>"; };
		BE884C091E22275B009D253F /* ViewController.swift */ = {isa = PBXFileReference; lastKnownFileType = sourcecode.swift; path = ViewController.swift; sourceTree = "<group>"; };
		BE884C0C1E22275B009D253F /* Base */ = {isa = PBXFileReference; lastKnownFileType = file.storyboard; name = Base; path = Base.lproj/Main.storyboard; sourceTree = "<group>"; };
		BE884C0E1E22275B009D253F /* Assets.xcassets */ = {isa = PBXFileReference; lastKnownFileType = folder.assetcatalog; path = Assets.xcassets; sourceTree = "<group>"; };
		BE884C111E22275B009D253F /* Base */ = {isa = PBXFileReference; lastKnownFileType = file.storyboard; name = Base; path = Base.lproj/LaunchScreen.storyboard; sourceTree = "<group>"; };
		BE884C131E22275B009D253F /* Info.plist */ = {isa = PBXFileReference; lastKnownFileType = text.plist.xml; path = Info.plist; sourceTree = "<group>"; };
		BE884C1E1E222788009D253F /* ANZKit.framework */ = {isa = PBXFileReference; explicitFileType = wrapper.framework; includeInIndex = 0; path = ANZKit.framework; sourceTree = BUILT_PRODUCTS_DIR; };
		BE884C201E222788009D253F /* ANZKit.h */ = {isa = PBXFileReference; lastKnownFileType = sourcecode.c.h; path = ANZKit.h; sourceTree = "<group>"; };
		BE884C211E222788009D253F /* Info.plist */ = {isa = PBXFileReference; lastKnownFileType = text.plist.xml; path = Info.plist; sourceTree = "<group>"; };
		BE9594901E3A7C52002596A8 /* ResponseParser.swift */ = {isa = PBXFileReference; fileEncoding = 4; lastKnownFileType = sourcecode.swift; path = ResponseParser.swift; sourceTree = "<group>"; };
		BECA0B9B1E3D401900946B50 /* ANZKitTests.xctest */ = {isa = PBXFileReference; explicitFileType = wrapper.cfbundle; includeInIndex = 0; path = ANZKitTests.xctest; sourceTree = BUILT_PRODUCTS_DIR; };
		BECA0B9D1E3D401900946B50 /* ANZKitTests.swift */ = {isa = PBXFileReference; lastKnownFileType = sourcecode.swift; path = ANZKitTests.swift; sourceTree = "<group>"; };
		BECA0B9F1E3D401900946B50 /* Info.plist */ = {isa = PBXFileReference; lastKnownFileType = text.plist.xml; path = Info.plist; sourceTree = "<group>"; };
		BECA0BAB1E3D41C200946B50 /* current.json */ = {isa = PBXFileReference; fileEncoding = 4; lastKnownFileType = text.json; path = current.json; sourceTree = "<group>"; };
		BECA0BB31E3D422000946B50 /* ResponseParserTests.swift */ = {isa = PBXFileReference; fileEncoding = 4; lastKnownFileType = sourcecode.swift; path = ResponseParserTests.swift; sourceTree = "<group>"; };
		BECA0BB51E3D681500946B50 /* authenticate.json */ = {isa = PBXFileReference; fileEncoding = 4; lastKnownFileType = text.json; path = authenticate.json; sourceTree = "<group>"; };
		BECA0BB71E3DCDAD00946B50 /* Secrets.swift */ = {isa = PBXFileReference; fileEncoding = 4; lastKnownFileType = sourcecode.swift; path = Secrets.swift; sourceTree = "<group>"; };
		BECA0BB91E3DCF7F00946B50 /* Session.swift */ = {isa = PBXFileReference; fileEncoding = 4; lastKnownFileType = sourcecode.swift; path = Session.swift; sourceTree = "<group>"; };
		BECA0BBD1E3DE40600946B50 /* RxCocoa.framework */ = {isa = PBXFileReference; lastKnownFileType = wrapper.framework; name = RxCocoa.framework; path = Carthage/Build/iOS/RxCocoa.framework; sourceTree = "<group>"; };
		BECA0BBF1E3DE87200946B50 /* ANZError.swift */ = {isa = PBXFileReference; fileEncoding = 4; lastKnownFileType = sourcecode.swift; path = ANZError.swift; sourceTree = "<group>"; };
		BECA0BC11E3DEEE700946B50 /* ServiceType.swift */ = {isa = PBXFileReference; fileEncoding = 4; lastKnownFileType = sourcecode.swift; path = ServiceType.swift; sourceTree = "<group>"; };
		BECA0BC31E3DEF0700946B50 /* ServerConfig.swift */ = {isa = PBXFileReference; fileEncoding = 4; lastKnownFileType = sourcecode.swift; path = ServerConfig.swift; sourceTree = "<group>"; };
		BECA0BC51E3DEF4800946B50 /* RouteType.swift */ = {isa = PBXFileReference; fileEncoding = 4; lastKnownFileType = sourcecode.swift; path = RouteType.swift; sourceTree = "<group>"; };
		BECA0BC71E3DEF5F00946B50 /* PreAuthRoute.swift */ = {isa = PBXFileReference; fileEncoding = 4; lastKnownFileType = sourcecode.swift; path = PreAuthRoute.swift; sourceTree = "<group>"; };
		BEEC0FA51E2386E500314EC6 /* ANZAPI.swift */ = {isa = PBXFileReference; fileEncoding = 4; lastKnownFileType = sourcecode.swift; path = ANZAPI.swift; sourceTree = "<group>"; };
		BEEC0FA71E2388DE00314EC6 /* PublicKey.swift */ = {isa = PBXFileReference; fileEncoding = 4; lastKnownFileType = sourcecode.swift; path = PublicKey.swift; sourceTree = "<group>"; };
		BEF8CC1A1E49BC550031EF9A /* Security.framework */ = {isa = PBXFileReference; lastKnownFileType = wrapper.framework; name = Security.framework; path = Platforms/WatchOS.platform/Developer/SDKs/WatchOS3.1.sdk/System/Library/Frameworks/Security.framework; sourceTree = DEVELOPER_DIR; };
		BEF8CC1E1E49BDBE0031EF9A /* ANZWatch.app */ = {isa = PBXFileReference; explicitFileType = wrapper.application; includeInIndex = 0; path = ANZWatch.app; sourceTree = BUILT_PRODUCTS_DIR; };
		BEF8CC211E49BDBE0031EF9A /* Base */ = {isa = PBXFileReference; lastKnownFileType = file.storyboard; name = Base; path = Base.lproj/Interface.storyboard; sourceTree = "<group>"; };
		BEF8CC231E49BDBE0031EF9A /* Assets.xcassets */ = {isa = PBXFileReference; lastKnownFileType = folder.assetcatalog; path = Assets.xcassets; sourceTree = "<group>"; };
		BEF8CC251E49BDBE0031EF9A /* Info.plist */ = {isa = PBXFileReference; lastKnownFileType = text.plist.xml; path = Info.plist; sourceTree = "<group>"; };
		BEF8CC2A1E49BDBF0031EF9A /* ANZWatch Extension.appex */ = {isa = PBXFileReference; explicitFileType = "wrapper.app-extension"; includeInIndex = 0; path = "ANZWatch Extension.appex"; sourceTree = BUILT_PRODUCTS_DIR; };
		BEF8CC2F1E49BDBF0031EF9A /* InterfaceController.swift */ = {isa = PBXFileReference; lastKnownFileType = sourcecode.swift; path = InterfaceController.swift; sourceTree = "<group>"; };
		BEF8CC311E49BDBF0031EF9A /* ExtensionDelegate.swift */ = {isa = PBXFileReference; lastKnownFileType = sourcecode.swift; path = ExtensionDelegate.swift; sourceTree = "<group>"; };
		BEF8CC331E49BDBF0031EF9A /* ComplicationController.swift */ = {isa = PBXFileReference; lastKnownFileType = sourcecode.swift; path = ComplicationController.swift; sourceTree = "<group>"; };
		BEF8CC351E49BDBF0031EF9A /* Assets.xcassets */ = {isa = PBXFileReference; lastKnownFileType = folder.assetcatalog; path = Assets.xcassets; sourceTree = "<group>"; };
		BEF8CC371E49BDBF0031EF9A /* Info.plist */ = {isa = PBXFileReference; lastKnownFileType = text.plist.xml; path = Info.plist; sourceTree = "<group>"; };
/* End PBXFileReference section */

/* Begin PBXFrameworksBuildPhase section */
		BE884C011E22275B009D253F /* Frameworks */ = {
			isa = PBXFrameworksBuildPhase;
			buildActionMask = 2147483647;
			files = (
				BECA0BBE1E3DE40600946B50 /* RxCocoa.framework in Frameworks */,
				BE884C251E222788009D253F /* ANZKit.framework in Frameworks */,
				BE059F501E2375E900789981 /* Alamofire.framework in Frameworks */,
				BE059F531E2375F100789981 /* RxSwift.framework in Frameworks */,
				BE059F561E2375F800789981 /* SwiftyRSA.framework in Frameworks */,
			);
			runOnlyForDeploymentPostprocessing = 0;
		};
		BE884C1A1E222788009D253F /* Frameworks */ = {
			isa = PBXFrameworksBuildPhase;
			buildActionMask = 2147483647;
			files = (
				BE059F541E2375F100789981 /* RxSwift.framework in Frameworks */,
				BE059F511E2375E900789981 /* Alamofire.framework in Frameworks */,
				BE059F571E2375F800789981 /* SwiftyRSA.framework in Frameworks */,
			);
			runOnlyForDeploymentPostprocessing = 0;
		};
		BECA0B981E3D401900946B50 /* Frameworks */ = {
			isa = PBXFrameworksBuildPhase;
			buildActionMask = 2147483647;
			files = (
				BECA0BA01E3D401900946B50 /* ANZKit.framework in Frameworks */,
				BECA0BA71E3D408A00946B50 /* SwiftyRSA.framework in Frameworks */,
				BECA0BA81E3D408A00946B50 /* RxSwift.framework in Frameworks */,
				BECA0BA91E3D408A00946B50 /* Alamofire.framework in Frameworks */,
			);
			runOnlyForDeploymentPostprocessing = 0;
		};
		BEF8CC271E49BDBF0031EF9A /* Frameworks */ = {
			isa = PBXFrameworksBuildPhase;
			buildActionMask = 2147483647;
			files = (
			);
			runOnlyForDeploymentPostprocessing = 0;
		};
/* End PBXFrameworksBuildPhase section */

/* Begin PBXGroup section */
		BE059F4E1E2375C800789981 /* Frameworks */ = {
			isa = PBXGroup;
			children = (
				BEF8CC1A1E49BC550031EF9A /* Security.framework */,
				BEF8CC101E49BC290031EF9A /* iOS */,
			);
			name = Frameworks;
			sourceTree = "<group>";
		};
		BE884BFB1E22275B009D253F = {
			isa = PBXGroup;
			children = (
				BEF8CC1F1E49BDBE0031EF9A /* ANZWatch */,
				BEF8CC2E1E49BDBF0031EF9A /* ANZWatch Extension */,
				BE059F4E1E2375C800789981 /* Frameworks */,
				BE884C061E22275B009D253F /* ANZ */,
				BE884C1F1E222788009D253F /* ANZKit */,
				BECA0B9C1E3D401900946B50 /* ANZKitTests */,
				BE884C051E22275B009D253F /* Products */,
			);
			sourceTree = "<group>";
		};
		BE884C051E22275B009D253F /* Products */ = {
			isa = PBXGroup;
			children = (
				BE884C041E22275B009D253F /* ANZ.app */,
				BE884C1E1E222788009D253F /* ANZKit.framework */,
				BECA0B9B1E3D401900946B50 /* ANZKitTests.xctest */,
				BEF8CC1E1E49BDBE0031EF9A /* ANZWatch.app */,
				BEF8CC2A1E49BDBF0031EF9A /* ANZWatch Extension.appex */,
			);
			name = Products;
			sourceTree = "<group>";
		};
		BE884C061E22275B009D253F /* ANZ */ = {
			isa = PBXGroup;
			children = (
				BE17C86A1E4878BF00F83D55 /* ANZ.entitlements */,
				BE884C071E22275B009D253F /* AppDelegate.swift */,
				BE884C091E22275B009D253F /* ViewController.swift */,
				BE884C0B1E22275B009D253F /* Main.storyboard */,
				BE884C0E1E22275B009D253F /* Assets.xcassets */,
				BE884C101E22275B009D253F /* LaunchScreen.storyboard */,
				BE884C131E22275B009D253F /* Info.plist */,
				BECA0BB71E3DCDAD00946B50 /* Secrets.swift */,
				BE2F10611E4B008E00398D72 /* Coordinator.swift */,
				BE2F10631E4B00B000398D72 /* AppCoordinator.swift */,
				BE2F10651E4B00D000398D72 /* Services.swift */,
				BE2F10671E4B00FF00398D72 /* RootViewCoordinator.swift */,
			);
			path = ANZ;
			sourceTree = "<group>";
		};
		BE884C1F1E222788009D253F /* ANZKit */ = {
			isa = PBXGroup;
			children = (
				BE2F106E1E4B20D200398D72 /* KeychainOptions.swift */,
				BE2F106C1E4B207F00398D72 /* KeychainWrapper.swift */,
				BE17C8681E4847D800F83D55 /* CryptoExportImportManager.swift */,
				BE054FF51E431AAF00DB4B65 /* RSAUtils.swift */,
				BEEC0FA91E23896700314EC6 /* Models */,
				BE884C201E222788009D253F /* ANZKit.h */,
				BE884C211E222788009D253F /* Info.plist */,
				BEEC0FA51E2386E500314EC6 /* ANZAPI.swift */,
				BE1F43A41E39F571001259B1 /* Parser.swift */,
				BE9594901E3A7C52002596A8 /* ResponseParser.swift */,
				BECA0BC11E3DEEE700946B50 /* ServiceType.swift */,
				BECA0BC31E3DEF0700946B50 /* ServerConfig.swift */,
				BECA0BC51E3DEF4800946B50 /* RouteType.swift */,
				BECA0BC71E3DEF5F00946B50 /* PreAuthRoute.swift */,
			);
			path = ANZKit;
			sourceTree = "<group>";
		};
		BECA0B9C1E3D401900946B50 /* ANZKitTests */ = {
			isa = PBXGroup;
			children = (
				BECA0BA61E3D406700946B50 /* Stubs */,
				BECA0B9D1E3D401900946B50 /* ANZKitTests.swift */,
				BECA0B9F1E3D401900946B50 /* Info.plist */,
				BECA0BB31E3D422000946B50 /* ResponseParserTests.swift */,
				BE2F10691E4B0B0F00398D72 /* RSAUtilsTests.swift */,
			);
			path = ANZKitTests;
			sourceTree = SOURCE_ROOT;
		};
		BECA0BA61E3D406700946B50 /* Stubs */ = {
			isa = PBXGroup;
			children = (
				BECA0BB21E3D41F300946B50 /* digital.anz.com */,
			);
			path = Stubs;
			sourceTree = "<group>";
		};
		BECA0BAD1E3D41C600946B50 /* v1 */ = {
			isa = PBXGroup;
			children = (
				BECA0BAE1E3D41CE00946B50 /* publicKeys */,
				BECA0BB51E3D681500946B50 /* authenticate.json */,
			);
			name = v1;
			sourceTree = "<group>";
		};
		BECA0BAE1E3D41CE00946B50 /* publicKeys */ = {
			isa = PBXGroup;
			children = (
				BECA0BAB1E3D41C200946B50 /* current.json */,
			);
			name = publicKeys;
			sourceTree = "<group>";
		};
		BECA0BAF1E3D41D900946B50 /* preauth */ = {
			isa = PBXGroup;
			children = (
				BECA0BB01E3D41E200946B50 /* web */,
			);
			name = preauth;
			sourceTree = "<group>";
		};
		BECA0BB01E3D41E200946B50 /* web */ = {
			isa = PBXGroup;
			children = (
				BECA0BB11E3D41E700946B50 /* api */,
			);
			name = web;
			sourceTree = "<group>";
		};
		BECA0BB11E3D41E700946B50 /* api */ = {
			isa = PBXGroup;
			children = (
				BECA0BAD1E3D41C600946B50 /* v1 */,
			);
			name = api;
			sourceTree = "<group>";
		};
		BECA0BB21E3D41F300946B50 /* digital.anz.com */ = {
			isa = PBXGroup;
			children = (
				BECA0BAF1E3D41D900946B50 /* preauth */,
			);
			name = digital.anz.com;
			sourceTree = "<group>";
		};
		BEEC0FA91E23896700314EC6 /* Models */ = {
			isa = PBXGroup;
			children = (
				BEEC0FA71E2388DE00314EC6 /* PublicKey.swift */,
				BECA0BB91E3DCF7F00946B50 /* Session.swift */,
				BECA0BBF1E3DE87200946B50 /* ANZError.swift */,
				BE054FF11E41D52A00DB4B65 /* Account.swift */,
				BE054FF31E41D6B700DB4B65 /* Device.swift */,
			);
			name = Models;
			sourceTree = "<group>";
		};
		BEF8CC101E49BC290031EF9A /* iOS */ = {
			isa = PBXGroup;
			children = (
				BECA0BBD1E3DE40600946B50 /* RxCocoa.framework */,
				BE059F551E2375F800789981 /* SwiftyRSA.framework */,
				BE059F521E2375F100789981 /* RxSwift.framework */,
				BE059F4F1E2375E900789981 /* Alamofire.framework */,
			);
			name = iOS;
			sourceTree = "<group>";
		};
		BEF8CC1F1E49BDBE0031EF9A /* ANZWatch */ = {
			isa = PBXGroup;
			children = (
				BEF8CC201E49BDBE0031EF9A /* Interface.storyboard */,
				BEF8CC231E49BDBE0031EF9A /* Assets.xcassets */,
				BEF8CC251E49BDBE0031EF9A /* Info.plist */,
			);
			path = ANZWatch;
			sourceTree = "<group>";
		};
		BEF8CC2E1E49BDBF0031EF9A /* ANZWatch Extension */ = {
			isa = PBXGroup;
			children = (
				BEF8CC2F1E49BDBF0031EF9A /* InterfaceController.swift */,
				BEF8CC311E49BDBF0031EF9A /* ExtensionDelegate.swift */,
				BEF8CC331E49BDBF0031EF9A /* ComplicationController.swift */,
				BEF8CC351E49BDBF0031EF9A /* Assets.xcassets */,
				BEF8CC371E49BDBF0031EF9A /* Info.plist */,
			);
			path = "ANZWatch Extension";
			sourceTree = "<group>";
		};
/* End PBXGroup section */

/* Begin PBXHeadersBuildPhase section */
		BE884C1B1E222788009D253F /* Headers */ = {
			isa = PBXHeadersBuildPhase;
			buildActionMask = 2147483647;
			files = (
				BE884C221E222788009D253F /* ANZKit.h in Headers */,
			);
			runOnlyForDeploymentPostprocessing = 0;
		};
/* End PBXHeadersBuildPhase section */

/* Begin PBXNativeTarget section */
		BE884C031E22275B009D253F /* ANZ */ = {
			isa = PBXNativeTarget;
			buildConfigurationList = BE884C161E22275B009D253F /* Build configuration list for PBXNativeTarget "ANZ" */;
			buildPhases = (
				BE884C001E22275B009D253F /* Sources */,
				BE884C011E22275B009D253F /* Frameworks */,
				BE884C021E22275B009D253F /* Resources */,
				BE884C2A1E222788009D253F /* Embed Frameworks */,
				BE059F581E23761B00789981 /* Carthage */,
				BEF8CBDF1E49B8D40031EF9A /* Embed Watch Content */,
			);
			buildRules = (
			);
			dependencies = (
				BE884C241E222788009D253F /* PBXTargetDependency */,
				BEF8CC391E49BDBF0031EF9A /* PBXTargetDependency */,
			);
			name = ANZ;
			productName = ANZ;
			productReference = BE884C041E22275B009D253F /* ANZ.app */;
			productType = "com.apple.product-type.application";
		};
		BE884C1D1E222788009D253F /* ANZKit */ = {
			isa = PBXNativeTarget;
			buildConfigurationList = BE884C271E222788009D253F /* Build configuration list for PBXNativeTarget "ANZKit" */;
			buildPhases = (
				BE884C191E222788009D253F /* Sources */,
				BE884C1A1E222788009D253F /* Frameworks */,
				BE884C1B1E222788009D253F /* Headers */,
				BE884C1C1E222788009D253F /* Resources */,
			);
			buildRules = (
			);
			dependencies = (
			);
			name = ANZKit;
			productName = ANZKit;
			productReference = BE884C1E1E222788009D253F /* ANZKit.framework */;
			productType = "com.apple.product-type.framework";
		};
		BECA0B9A1E3D401900946B50 /* ANZKitTests */ = {
			isa = PBXNativeTarget;
			buildConfigurationList = BECA0BA51E3D401900946B50 /* Build configuration list for PBXNativeTarget "ANZKitTests" */;
			buildPhases = (
				BECA0B971E3D401900946B50 /* Sources */,
				BECA0B981E3D401900946B50 /* Frameworks */,
				BECA0B991E3D401900946B50 /* Resources */,
				BECA0BAA1E3D40AA00946B50 /* Carthage */,
				BE2F106B1E4B0CAB00398D72 /* ShellScript */,
			);
			buildRules = (
			);
			dependencies = (
				BECA0BA21E3D401900946B50 /* PBXTargetDependency */,
			);
			name = ANZKitTests;
			productName = ANZKitTests;
			productReference = BECA0B9B1E3D401900946B50 /* ANZKitTests.xctest */;
			productType = "com.apple.product-type.bundle.unit-test";
		};
		BEF8CC1D1E49BDBE0031EF9A /* ANZWatch */ = {
			isa = PBXNativeTarget;
			buildConfigurationList = BEF8CC3F1E49BDBF0031EF9A /* Build configuration list for PBXNativeTarget "ANZWatch" */;
			buildPhases = (
				BEF8CC1C1E49BDBE0031EF9A /* Resources */,
				BEF8CC3E1E49BDBF0031EF9A /* Embed App Extensions */,
			);
			buildRules = (
			);
			dependencies = (
				BEF8CC2D1E49BDBF0031EF9A /* PBXTargetDependency */,
			);
			name = ANZWatch;
			productName = ANZWatch;
			productReference = BEF8CC1E1E49BDBE0031EF9A /* ANZWatch.app */;
			productType = "com.apple.product-type.application.watchapp2";
		};
		BEF8CC291E49BDBF0031EF9A /* ANZWatch Extension */ = {
			isa = PBXNativeTarget;
			buildConfigurationList = BEF8CC3B1E49BDBF0031EF9A /* Build configuration list for PBXNativeTarget "ANZWatch Extension" */;
			buildPhases = (
				BEF8CC261E49BDBF0031EF9A /* Sources */,
				BEF8CC271E49BDBF0031EF9A /* Frameworks */,
				BEF8CC281E49BDBF0031EF9A /* Resources */,
			);
			buildRules = (
			);
			dependencies = (
			);
			name = "ANZWatch Extension";
			productName = "ANZWatch Extension";
			productReference = BEF8CC2A1E49BDBF0031EF9A /* ANZWatch Extension.appex */;
			productType = "com.apple.product-type.watchkit2-extension";
		};
/* End PBXNativeTarget section */

/* Begin PBXProject section */
		BE884BFC1E22275B009D253F /* Project object */ = {
			isa = PBXProject;
			attributes = {
				LastSwiftUpdateCheck = 0820;
				LastUpgradeCheck = 0820;
				ORGANIZATIONNAME = "Will Townsend";
				TargetAttributes = {
					BE884C031E22275B009D253F = {
						CreatedOnToolsVersion = 8.2;
						DevelopmentTeam = U4MT6NDQZ9;
						ProvisioningStyle = Automatic;
						SystemCapabilities = {
							com.apple.Keychain = {
								enabled = 1;
							};
						};
					};
					BE884C1D1E222788009D253F = {
						CreatedOnToolsVersion = 8.2;
						DevelopmentTeam = U4MT6NDQZ9;
						LastSwiftMigration = 0820;
						ProvisioningStyle = Automatic;
					};
					BECA0B9A1E3D401900946B50 = {
						CreatedOnToolsVersion = 8.2;
						DevelopmentTeam = U4MT6NDQZ9;
						ProvisioningStyle = Automatic;
					};
					BEF8CC1D1E49BDBE0031EF9A = {
						CreatedOnToolsVersion = 8.2;
						DevelopmentTeam = U4MT6NDQZ9;
						ProvisioningStyle = Automatic;
					};
					BEF8CC291E49BDBF0031EF9A = {
						CreatedOnToolsVersion = 8.2;
						DevelopmentTeam = DQA7HX6GV3;
						ProvisioningStyle = Automatic;
					};
				};
			};
			buildConfigurationList = BE884BFF1E22275B009D253F /* Build configuration list for PBXProject "ANZ" */;
			compatibilityVersion = "Xcode 3.2";
			developmentRegion = English;
			hasScannedForEncodings = 0;
			knownRegions = (
				en,
				Base,
			);
			mainGroup = BE884BFB1E22275B009D253F;
			productRefGroup = BE884C051E22275B009D253F /* Products */;
			projectDirPath = "";
			projectRoot = "";
			targets = (
				BE884C031E22275B009D253F /* ANZ */,
				BE884C1D1E222788009D253F /* ANZKit */,
				BECA0B9A1E3D401900946B50 /* ANZKitTests */,
				BEF8CC1D1E49BDBE0031EF9A /* ANZWatch */,
				BEF8CC291E49BDBF0031EF9A /* ANZWatch Extension */,
			);
		};
/* End PBXProject section */

/* Begin PBXResourcesBuildPhase section */
		BE884C021E22275B009D253F /* Resources */ = {
			isa = PBXResourcesBuildPhase;
			buildActionMask = 2147483647;
			files = (
				BE884C121E22275B009D253F /* LaunchScreen.storyboard in Resources */,
				BE884C0F1E22275B009D253F /* Assets.xcassets in Resources */,
				BE884C0D1E22275B009D253F /* Main.storyboard in Resources */,
			);
			runOnlyForDeploymentPostprocessing = 0;
		};
		BE884C1C1E222788009D253F /* Resources */ = {
			isa = PBXResourcesBuildPhase;
			buildActionMask = 2147483647;
			files = (
			);
			runOnlyForDeploymentPostprocessing = 0;
		};
		BECA0B991E3D401900946B50 /* Resources */ = {
			isa = PBXResourcesBuildPhase;
			buildActionMask = 2147483647;
			files = (
				BECA0BB61E3D681500946B50 /* authenticate.json in Resources */,
				BECA0BAC1E3D41C200946B50 /* current.json in Resources */,
			);
			runOnlyForDeploymentPostprocessing = 0;
		};
		BEF8CC1C1E49BDBE0031EF9A /* Resources */ = {
			isa = PBXResourcesBuildPhase;
			buildActionMask = 2147483647;
			files = (
				BEF8CC241E49BDBE0031EF9A /* Assets.xcassets in Resources */,
				BEF8CC221E49BDBE0031EF9A /* Interface.storyboard in Resources */,
			);
			runOnlyForDeploymentPostprocessing = 0;
		};
		BEF8CC281E49BDBF0031EF9A /* Resources */ = {
			isa = PBXResourcesBuildPhase;
			buildActionMask = 2147483647;
			files = (
				BEF8CC361E49BDBF0031EF9A /* Assets.xcassets in Resources */,
			);
			runOnlyForDeploymentPostprocessing = 0;
		};
/* End PBXResourcesBuildPhase section */

/* Begin PBXShellScriptBuildPhase section */
		BE059F581E23761B00789981 /* Carthage */ = {
			isa = PBXShellScriptBuildPhase;
			buildActionMask = 2147483647;
			files = (
			);
			inputPaths = (
				"$(SRCROOT)/Carthage/Build/iOS/SwiftyRSA.framework",
				"$(SRCROOT)/Carthage/Build/iOS/RxSwift.framework",
				"$(SRCROOT)/Carthage/Build/iOS/Alamofire.framework",
				"$(SRCROOT)/Carthage/Build/iOS/RxCocoa.framework",
			);
			name = Carthage;
			outputPaths = (
			);
			runOnlyForDeploymentPostprocessing = 0;
			shellPath = /bin/sh;
			shellScript = "/usr/local/bin/carthage copy-frameworks";
		};
		BE2F106B1E4B0CAB00398D72 /* ShellScript */ = {
			isa = PBXShellScriptBuildPhase;
			buildActionMask = 2147483647;
			files = (
			);
			inputPaths = (
			);
			outputPaths = (
			);
			runOnlyForDeploymentPostprocessing = 0;
			shellPath = /bin/sh;
			shellScript = "echo \"codesign --verify --force --sign \\\"$CODE_SIGN_IDENTITY\\\" \\\"$CODESIGNING_FOLDER_PATH\\\"\"\nIDENTITIES=`security find-identity -v -s \"Code Signing\" | grep \"iPhone Developer\" | awk '{ print $2 }'`\n\nfor SHA in $IDENTITIES; do\ncodesign --verify --force --sign $SHA \"$CODESIGNING_FOLDER_PATH\"\nif [ $? -eq 0 ]; then\necho \"Matching identity found: $SHA\"\nexit 0\nfi\ndone;\n\nexit 1";
		};
		BECA0BAA1E3D40AA00946B50 /* Carthage */ = {
			isa = PBXShellScriptBuildPhase;
			buildActionMask = 2147483647;
			files = (
			);
			inputPaths = (
				"$(SRCROOT)/Carthage/Build/iOS/SwiftyRSA.framework",
				"$(SRCROOT)/Carthage/Build/iOS/RxSwift.framework",
				"$(SRCROOT)/Carthage/Build/iOS/Alamofire.framework",
				"$(SRCROOT)/Carthage/Build/iOS/RxCocoa.framework",
			);
			name = Carthage;
			outputPaths = (
			);
			runOnlyForDeploymentPostprocessing = 0;
			shellPath = /bin/sh;
			shellScript = "/usr/local/bin/carthage copy-frameworks";
		};
/* End PBXShellScriptBuildPhase section */

/* Begin PBXSourcesBuildPhase section */
		BE884C001E22275B009D253F /* Sources */ = {
			isa = PBXSourcesBuildPhase;
			buildActionMask = 2147483647;
			files = (
				BE2F10621E4B008E00398D72 /* Coordinator.swift in Sources */,
				BE2F10681E4B00FF00398D72 /* RootViewCoordinator.swift in Sources */,
				BE2F10661E4B00D000398D72 /* Services.swift in Sources */,
				BE884C0A1E22275B009D253F /* ViewController.swift in Sources */,
				BE2F10641E4B00B000398D72 /* AppCoordinator.swift in Sources */,
				BECA0BB81E3DCDAD00946B50 /* Secrets.swift in Sources */,
				BE884C081E22275B009D253F /* AppDelegate.swift in Sources */,
			);
			runOnlyForDeploymentPostprocessing = 0;
		};
		BE884C191E222788009D253F /* Sources */ = {
			isa = PBXSourcesBuildPhase;
			buildActionMask = 2147483647;
			files = (
				BE9594911E3A7C52002596A8 /* ResponseParser.swift in Sources */,
				BE054FF21E41D52A00DB4B65 /* Account.swift in Sources */,
				BE1F43A51E39F571001259B1 /* Parser.swift in Sources */,
				BE054FF41E41D6B700DB4B65 /* Device.swift in Sources */,
				BE17C86B1E487E8400F83D55 /* RSAUtils.swift in Sources */,
				BECA0BBA1E3DCF7F00946B50 /* Session.swift in Sources */,
				BECA0BC01E3DE87200946B50 /* ANZError.swift in Sources */,
				BECA0BC81E3DEF5F00946B50 /* PreAuthRoute.swift in Sources */,
				BE2F106F1E4B20D200398D72 /* KeychainOptions.swift in Sources */,
				BEEC0FA61E2386E500314EC6 /* ANZAPI.swift in Sources */,
				BE2F106D1E4B207F00398D72 /* KeychainWrapper.swift in Sources */,
				BE17C86C1E48808500F83D55 /* CryptoExportImportManager.swift in Sources */,
				BECA0BC41E3DEF0700946B50 /* ServerConfig.swift in Sources */,
				BECA0BC61E3DEF4800946B50 /* RouteType.swift in Sources */,
				BEEC0FA81E2388DE00314EC6 /* PublicKey.swift in Sources */,
				BECA0BC21E3DEEE700946B50 /* ServiceType.swift in Sources */,
			);
			runOnlyForDeploymentPostprocessing = 0;
		};
		BECA0B971E3D401900946B50 /* Sources */ = {
			isa = PBXSourcesBuildPhase;
			buildActionMask = 2147483647;
			files = (
				BECA0B9E1E3D401900946B50 /* ANZKitTests.swift in Sources */,
				BECA0BB41E3D422000946B50 /* ResponseParserTests.swift in Sources */,
				BE2F106A1E4B0B0F00398D72 /* RSAUtilsTests.swift in Sources */,
			);
			runOnlyForDeploymentPostprocessing = 0;
		};
		BEF8CC261E49BDBF0031EF9A /* Sources */ = {
			isa = PBXSourcesBuildPhase;
			buildActionMask = 2147483647;
			files = (
				BEF8CC321E49BDBF0031EF9A /* ExtensionDelegate.swift in Sources */,
				BEF8CC301E49BDBF0031EF9A /* InterfaceController.swift in Sources */,
				BEF8CC341E49BDBF0031EF9A /* ComplicationController.swift in Sources */,
			);
			runOnlyForDeploymentPostprocessing = 0;
		};
/* End PBXSourcesBuildPhase section */

/* Begin PBXTargetDependency section */
		BE884C241E222788009D253F /* PBXTargetDependency */ = {
			isa = PBXTargetDependency;
			target = BE884C1D1E222788009D253F /* ANZKit */;
			targetProxy = BE884C231E222788009D253F /* PBXContainerItemProxy */;
		};
		BECA0BA21E3D401900946B50 /* PBXTargetDependency */ = {
			isa = PBXTargetDependency;
			target = BE884C1D1E222788009D253F /* ANZKit */;
			targetProxy = BECA0BA11E3D401900946B50 /* PBXContainerItemProxy */;
		};
		BEF8CC2D1E49BDBF0031EF9A /* PBXTargetDependency */ = {
			isa = PBXTargetDependency;
			target = BEF8CC291E49BDBF0031EF9A /* ANZWatch Extension */;
			targetProxy = BEF8CC2C1E49BDBF0031EF9A /* PBXContainerItemProxy */;
		};
		BEF8CC391E49BDBF0031EF9A /* PBXTargetDependency */ = {
			isa = PBXTargetDependency;
			target = BEF8CC1D1E49BDBE0031EF9A /* ANZWatch */;
			targetProxy = BEF8CC381E49BDBF0031EF9A /* PBXContainerItemProxy */;
		};
/* End PBXTargetDependency section */

/* Begin PBXVariantGroup section */
		BE884C0B1E22275B009D253F /* Main.storyboard */ = {
			isa = PBXVariantGroup;
			children = (
				BE884C0C1E22275B009D253F /* Base */,
			);
			name = Main.storyboard;
			sourceTree = "<group>";
		};
		BE884C101E22275B009D253F /* LaunchScreen.storyboard */ = {
			isa = PBXVariantGroup;
			children = (
				BE884C111E22275B009D253F /* Base */,
			);
			name = LaunchScreen.storyboard;
			sourceTree = "<group>";
		};
		BEF8CC201E49BDBE0031EF9A /* Interface.storyboard */ = {
			isa = PBXVariantGroup;
			children = (
				BEF8CC211E49BDBE0031EF9A /* Base */,
			);
			name = Interface.storyboard;
			sourceTree = "<group>";
		};
/* End PBXVariantGroup section */

/* Begin XCBuildConfiguration section */
		BE884C141E22275B009D253F /* Debug */ = {
			isa = XCBuildConfiguration;
			buildSettings = {
				ALWAYS_SEARCH_USER_PATHS = NO;
				CLANG_ANALYZER_NONNULL = YES;
				CLANG_CXX_LANGUAGE_STANDARD = "gnu++0x";
				CLANG_CXX_LIBRARY = "libc++";
				CLANG_ENABLE_MODULES = YES;
				CLANG_ENABLE_OBJC_ARC = YES;
				CLANG_WARN_BOOL_CONVERSION = YES;
				CLANG_WARN_CONSTANT_CONVERSION = YES;
				CLANG_WARN_DIRECT_OBJC_ISA_USAGE = YES_ERROR;
				CLANG_WARN_DOCUMENTATION_COMMENTS = YES;
				CLANG_WARN_EMPTY_BODY = YES;
				CLANG_WARN_ENUM_CONVERSION = YES;
				CLANG_WARN_INFINITE_RECURSION = YES;
				CLANG_WARN_INT_CONVERSION = YES;
				CLANG_WARN_OBJC_ROOT_CLASS = YES_ERROR;
				CLANG_WARN_SUSPICIOUS_MOVE = YES;
				CLANG_WARN_UNREACHABLE_CODE = YES;
				CLANG_WARN__DUPLICATE_METHOD_MATCH = YES;
				"CODE_SIGN_IDENTITY[sdk=iphoneos*]" = "iPhone Developer";
				COPY_PHASE_STRIP = NO;
				DEBUG_INFORMATION_FORMAT = dwarf;
				ENABLE_STRICT_OBJC_MSGSEND = YES;
				ENABLE_TESTABILITY = YES;
				GCC_C_LANGUAGE_STANDARD = gnu99;
				GCC_DYNAMIC_NO_PIC = NO;
				GCC_NO_COMMON_BLOCKS = YES;
				GCC_OPTIMIZATION_LEVEL = 0;
				GCC_PREPROCESSOR_DEFINITIONS = (
					"DEBUG=1",
					"$(inherited)",
				);
				GCC_WARN_64_TO_32_BIT_CONVERSION = YES;
				GCC_WARN_ABOUT_RETURN_TYPE = YES_ERROR;
				GCC_WARN_UNDECLARED_SELECTOR = YES;
				GCC_WARN_UNINITIALIZED_AUTOS = YES_AGGRESSIVE;
				GCC_WARN_UNUSED_FUNCTION = YES;
				GCC_WARN_UNUSED_VARIABLE = YES;
				IPHONEOS_DEPLOYMENT_TARGET = 10.2;
				MTL_ENABLE_DEBUG_INFO = YES;
				ONLY_ACTIVE_ARCH = YES;
				SDKROOT = iphoneos;
				SWIFT_ACTIVE_COMPILATION_CONDITIONS = DEBUG;
				SWIFT_OPTIMIZATION_LEVEL = "-Onone";
			};
			name = Debug;
		};
		BE884C151E22275B009D253F /* Release */ = {
			isa = XCBuildConfiguration;
			buildSettings = {
				ALWAYS_SEARCH_USER_PATHS = NO;
				CLANG_ANALYZER_NONNULL = YES;
				CLANG_CXX_LANGUAGE_STANDARD = "gnu++0x";
				CLANG_CXX_LIBRARY = "libc++";
				CLANG_ENABLE_MODULES = YES;
				CLANG_ENABLE_OBJC_ARC = YES;
				CLANG_WARN_BOOL_CONVERSION = YES;
				CLANG_WARN_CONSTANT_CONVERSION = YES;
				CLANG_WARN_DIRECT_OBJC_ISA_USAGE = YES_ERROR;
				CLANG_WARN_DOCUMENTATION_COMMENTS = YES;
				CLANG_WARN_EMPTY_BODY = YES;
				CLANG_WARN_ENUM_CONVERSION = YES;
				CLANG_WARN_INFINITE_RECURSION = YES;
				CLANG_WARN_INT_CONVERSION = YES;
				CLANG_WARN_OBJC_ROOT_CLASS = YES_ERROR;
				CLANG_WARN_SUSPICIOUS_MOVE = YES;
				CLANG_WARN_UNREACHABLE_CODE = YES;
				CLANG_WARN__DUPLICATE_METHOD_MATCH = YES;
				"CODE_SIGN_IDENTITY[sdk=iphoneos*]" = "iPhone Developer";
				COPY_PHASE_STRIP = NO;
				DEBUG_INFORMATION_FORMAT = "dwarf-with-dsym";
				ENABLE_NS_ASSERTIONS = NO;
				ENABLE_STRICT_OBJC_MSGSEND = YES;
				GCC_C_LANGUAGE_STANDARD = gnu99;
				GCC_NO_COMMON_BLOCKS = YES;
				GCC_WARN_64_TO_32_BIT_CONVERSION = YES;
				GCC_WARN_ABOUT_RETURN_TYPE = YES_ERROR;
				GCC_WARN_UNDECLARED_SELECTOR = YES;
				GCC_WARN_UNINITIALIZED_AUTOS = YES_AGGRESSIVE;
				GCC_WARN_UNUSED_FUNCTION = YES;
				GCC_WARN_UNUSED_VARIABLE = YES;
				IPHONEOS_DEPLOYMENT_TARGET = 10.2;
				MTL_ENABLE_DEBUG_INFO = NO;
				SDKROOT = iphoneos;
				SWIFT_OPTIMIZATION_LEVEL = "-Owholemodule";
				VALIDATE_PRODUCT = YES;
			};
			name = Release;
		};
		BE884C171E22275B009D253F /* Debug */ = {
			isa = XCBuildConfiguration;
			buildSettings = {
				ALWAYS_EMBED_SWIFT_STANDARD_LIBRARIES = YES;
				ASSETCATALOG_COMPILER_APPICON_NAME = AppIcon;
				CODE_SIGN_ENTITLEMENTS = ANZ/ANZ.entitlements;
				DEVELOPMENT_TEAM = U4MT6NDQZ9;
				FRAMEWORK_SEARCH_PATHS = (
					"$(inherited)",
					"$(PROJECT_DIR)/Carthage/Build/iOS",
				);
				INFOPLIST_FILE = ANZ/Info.plist;
				LD_RUNPATH_SEARCH_PATHS = "$(inherited) @executable_path/Frameworks";
				PRODUCT_BUNDLE_IDENTIFIER = io.townsend.ANZ;
				PRODUCT_NAME = "$(TARGET_NAME)";
				SWIFT_VERSION = 3.0;
			};
			name = Debug;
		};
		BE884C181E22275B009D253F /* Release */ = {
			isa = XCBuildConfiguration;
			buildSettings = {
				ALWAYS_EMBED_SWIFT_STANDARD_LIBRARIES = YES;
				ASSETCATALOG_COMPILER_APPICON_NAME = AppIcon;
				CODE_SIGN_ENTITLEMENTS = ANZ/ANZ.entitlements;
				DEVELOPMENT_TEAM = U4MT6NDQZ9;
				FRAMEWORK_SEARCH_PATHS = (
					"$(inherited)",
					"$(PROJECT_DIR)/Carthage/Build/iOS",
				);
				INFOPLIST_FILE = ANZ/Info.plist;
				LD_RUNPATH_SEARCH_PATHS = "$(inherited) @executable_path/Frameworks";
				PRODUCT_BUNDLE_IDENTIFIER = io.townsend.ANZ;
				PRODUCT_NAME = "$(TARGET_NAME)";
				SWIFT_VERSION = 3.0;
			};
			name = Release;
		};
		BE884C281E222788009D253F /* Debug */ = {
			isa = XCBuildConfiguration;
			buildSettings = {
				APPLICATION_EXTENSION_API_ONLY = YES;
				CLANG_ENABLE_MODULES = YES;
				CODE_SIGN_IDENTITY = "";
				CURRENT_PROJECT_VERSION = 1;
				DEFINES_MODULE = YES;
				DEVELOPMENT_TEAM = U4MT6NDQZ9;
				DYLIB_COMPATIBILITY_VERSION = 1;
				DYLIB_CURRENT_VERSION = 1;
				DYLIB_INSTALL_NAME_BASE = "@rpath";
				FRAMEWORK_SEARCH_PATHS = (
					"$(inherited)",
					"$(PROJECT_DIR)/Carthage/Build/iOS",
				);
				INFOPLIST_FILE = ANZKit/Info.plist;
				INSTALL_PATH = "$(LOCAL_LIBRARY_DIR)/Frameworks";
				LD_RUNPATH_SEARCH_PATHS = "$(inherited) @executable_path/Frameworks @loader_path/Frameworks";
				PRODUCT_BUNDLE_IDENTIFIER = io.townsend.ANZKit;
				PRODUCT_NAME = "$(TARGET_NAME)";
				SKIP_INSTALL = YES;
				SUPPORTED_PLATFORMS = "iphonesimulator iphoneos";
				SWIFT_OPTIMIZATION_LEVEL = "-Onone";
				SWIFT_VERSION = 3.0;
				TARGETED_DEVICE_FAMILY = "1,2";
				VERSIONING_SYSTEM = "apple-generic";
				VERSION_INFO_PREFIX = "";
			};
			name = Debug;
		};
		BE884C291E222788009D253F /* Release */ = {
			isa = XCBuildConfiguration;
			buildSettings = {
				APPLICATION_EXTENSION_API_ONLY = YES;
				CLANG_ENABLE_MODULES = YES;
				CODE_SIGN_IDENTITY = "";
				CURRENT_PROJECT_VERSION = 1;
				DEFINES_MODULE = YES;
				DEVELOPMENT_TEAM = U4MT6NDQZ9;
				DYLIB_COMPATIBILITY_VERSION = 1;
				DYLIB_CURRENT_VERSION = 1;
				DYLIB_INSTALL_NAME_BASE = "@rpath";
				FRAMEWORK_SEARCH_PATHS = (
					"$(inherited)",
					"$(PROJECT_DIR)/Carthage/Build/iOS",
				);
				INFOPLIST_FILE = ANZKit/Info.plist;
				INSTALL_PATH = "$(LOCAL_LIBRARY_DIR)/Frameworks";
				LD_RUNPATH_SEARCH_PATHS = "$(inherited) @executable_path/Frameworks @loader_path/Frameworks";
				PRODUCT_BUNDLE_IDENTIFIER = io.townsend.ANZKit;
				PRODUCT_NAME = "$(TARGET_NAME)";
				SKIP_INSTALL = YES;
				SUPPORTED_PLATFORMS = "iphonesimulator iphoneos";
				SWIFT_VERSION = 3.0;
				TARGETED_DEVICE_FAMILY = "1,2";
				VERSIONING_SYSTEM = "apple-generic";
				VERSION_INFO_PREFIX = "";
			};
			name = Release;
		};
		BECA0BA31E3D401900946B50 /* Debug */ = {
			isa = XCBuildConfiguration;
			buildSettings = {
				DEVELOPMENT_TEAM = U4MT6NDQZ9;
				FRAMEWORK_SEARCH_PATHS = (
					"$(inherited)",
					"$(PROJECT_DIR)/Carthage/Build/iOS",
				);
				INFOPLIST_FILE = ANZKitTests/Info.plist;
				LD_RUNPATH_SEARCH_PATHS = "$(inherited) @executable_path/Frameworks @loader_path/Frameworks";
				PRODUCT_BUNDLE_IDENTIFIER = io.townsend.ANZKitTests;
				PRODUCT_NAME = "$(TARGET_NAME)";
				SWIFT_VERSION = 3.0;
			};
			name = Debug;
		};
		BECA0BA41E3D401900946B50 /* Release */ = {
			isa = XCBuildConfiguration;
			buildSettings = {
				DEVELOPMENT_TEAM = U4MT6NDQZ9;
				FRAMEWORK_SEARCH_PATHS = (
					"$(inherited)",
					"$(PROJECT_DIR)/Carthage/Build/iOS",
				);
				INFOPLIST_FILE = ANZKitTests/Info.plist;
				LD_RUNPATH_SEARCH_PATHS = "$(inherited) @executable_path/Frameworks @loader_path/Frameworks";
				PRODUCT_BUNDLE_IDENTIFIER = io.townsend.ANZKitTests;
				PRODUCT_NAME = "$(TARGET_NAME)";
				SWIFT_VERSION = 3.0;
			};
			name = Release;
		};
		BEF8CC3C1E49BDBF0031EF9A /* Debug */ = {
			isa = XCBuildConfiguration;
			buildSettings = {
				ASSETCATALOG_COMPILER_COMPLICATION_NAME = Complication;
				DEVELOPMENT_TEAM = DQA7HX6GV3;
				INFOPLIST_FILE = "ANZWatch Extension/Info.plist";
				LD_RUNPATH_SEARCH_PATHS = "$(inherited) @executable_path/Frameworks @executable_path/../../Frameworks";
				PRODUCT_BUNDLE_IDENTIFIER = io.townsend.ANZ.watchkitapp.watchkitextension;
				PRODUCT_NAME = "${TARGET_NAME}";
				SDKROOT = watchos;
				SKIP_INSTALL = YES;
				SWIFT_VERSION = 3.0;
				TARGETED_DEVICE_FAMILY = 4;
				WATCHOS_DEPLOYMENT_TARGET = 3.1;
			};
			name = Debug;
		};
		BEF8CC3D1E49BDBF0031EF9A /* Release */ = {
			isa = XCBuildConfiguration;
			buildSettings = {
				ASSETCATALOG_COMPILER_COMPLICATION_NAME = Complication;
				DEVELOPMENT_TEAM = DQA7HX6GV3;
				INFOPLIST_FILE = "ANZWatch Extension/Info.plist";
				LD_RUNPATH_SEARCH_PATHS = "$(inherited) @executable_path/Frameworks @executable_path/../../Frameworks";
				PRODUCT_BUNDLE_IDENTIFIER = io.townsend.ANZ.watchkitapp.watchkitextension;
				PRODUCT_NAME = "${TARGET_NAME}";
				SDKROOT = watchos;
				SKIP_INSTALL = YES;
				SWIFT_VERSION = 3.0;
				TARGETED_DEVICE_FAMILY = 4;
				WATCHOS_DEPLOYMENT_TARGET = 3.1;
			};
			name = Release;
		};
		BEF8CC401E49BDBF0031EF9A /* Debug */ = {
			isa = XCBuildConfiguration;
			buildSettings = {
				ALWAYS_EMBED_SWIFT_STANDARD_LIBRARIES = YES;
				ASSETCATALOG_COMPILER_APPICON_NAME = AppIcon;
				DEVELOPMENT_TEAM = U4MT6NDQZ9;
				IBSC_MODULE = ANZWatch_Extension;
				INFOPLIST_FILE = ANZWatch/Info.plist;
				PRODUCT_BUNDLE_IDENTIFIER = io.townsend.ANZ.watchkitapp;
				PRODUCT_NAME = "$(TARGET_NAME)";
				SDKROOT = watchos;
				SKIP_INSTALL = YES;
				SWIFT_VERSION = 3.0;
				TARGETED_DEVICE_FAMILY = 4;
				WATCHOS_DEPLOYMENT_TARGET = 3.1;
			};
			name = Debug;
		};
		BEF8CC411E49BDBF0031EF9A /* Release */ = {
			isa = XCBuildConfiguration;
			buildSettings = {
				ALWAYS_EMBED_SWIFT_STANDARD_LIBRARIES = YES;
				ASSETCATALOG_COMPILER_APPICON_NAME = AppIcon;
				DEVELOPMENT_TEAM = U4MT6NDQZ9;
				IBSC_MODULE = ANZWatch_Extension;
				INFOPLIST_FILE = ANZWatch/Info.plist;
				PRODUCT_BUNDLE_IDENTIFIER = io.townsend.ANZ.watchkitapp;
				PRODUCT_NAME = "$(TARGET_NAME)";
				SDKROOT = watchos;
				SKIP_INSTALL = YES;
				SWIFT_VERSION = 3.0;
				TARGETED_DEVICE_FAMILY = 4;
				WATCHOS_DEPLOYMENT_TARGET = 3.1;
			};
			name = Release;
		};
/* End XCBuildConfiguration section */

/* Begin XCConfigurationList section */
		BE884BFF1E22275B009D253F /* Build configuration list for PBXProject "ANZ" */ = {
			isa = XCConfigurationList;
			buildConfigurations = (
				BE884C141E22275B009D253F /* Debug */,
				BE884C151E22275B009D253F /* Release */,
			);
			defaultConfigurationIsVisible = 0;
			defaultConfigurationName = Release;
		};
		BE884C161E22275B009D253F /* Build configuration list for PBXNativeTarget "ANZ" */ = {
			isa = XCConfigurationList;
			buildConfigurations = (
				BE884C171E22275B009D253F /* Debug */,
				BE884C181E22275B009D253F /* Release */,
			);
			defaultConfigurationIsVisible = 0;
			defaultConfigurationName = Release;
		};
		BE884C271E222788009D253F /* Build configuration list for PBXNativeTarget "ANZKit" */ = {
			isa = XCConfigurationList;
			buildConfigurations = (
				BE884C281E222788009D253F /* Debug */,
				BE884C291E222788009D253F /* Release */,
			);
			defaultConfigurationIsVisible = 0;
			defaultConfigurationName = Release;
		};
		BECA0BA51E3D401900946B50 /* Build configuration list for PBXNativeTarget "ANZKitTests" */ = {
			isa = XCConfigurationList;
			buildConfigurations = (
				BECA0BA31E3D401900946B50 /* Debug */,
				BECA0BA41E3D401900946B50 /* Release */,
			);
			defaultConfigurationIsVisible = 0;
			defaultConfigurationName = Release;
		};
		BEF8CC3B1E49BDBF0031EF9A /* Build configuration list for PBXNativeTarget "ANZWatch Extension" */ = {
			isa = XCConfigurationList;
			buildConfigurations = (
				BEF8CC3C1E49BDBF0031EF9A /* Debug */,
				BEF8CC3D1E49BDBF0031EF9A /* Release */,
			);
			defaultConfigurationIsVisible = 0;
			defaultConfigurationName = Release;
		};
		BEF8CC3F1E49BDBF0031EF9A /* Build configuration list for PBXNativeTarget "ANZWatch" */ = {
			isa = XCConfigurationList;
			buildConfigurations = (
				BEF8CC401E49BDBF0031EF9A /* Debug */,
				BEF8CC411E49BDBF0031EF9A /* Release */,
			);
			defaultConfigurationIsVisible = 0;
			defaultConfigurationName = Release;
		};
/* End XCConfigurationList section */
	};
	rootObject = BE884BFC1E22275B009D253F /* Project object */;
}
